{
  "name": "lol-inhouse",
  "version": "1.0.0",
  "lockfileVersion": 1,
  "requires": true,
  "dependencies": {
    "draggable-es": {
      "version": "1.0.0-beta.12",
      "resolved": "https://registry.npmjs.org/draggable-es/-/draggable-es-1.0.0-beta.12.tgz",
      "integrity": "sha512-4lHqbP9cx2eOc2uT6AjTFKhcszr+DZ4dKR3PrF06ZAdNmGZYsWgmgpkkuemg0+L0qwwvwzEpnC0NF3zFQts/vg=="
    }
  }
}
